
Microsoft Visual Studio Solution File, Format Version 12.00
# Visual Studio Version 17
VisualStudioVersion = 17.11.35312.102
MinimumVisualStudioVersion = 10.0.40219.1
Project("{FAE04EC0-301F-11D3-BF4B-00C04F79EFBC}") = "EventSourcing", "src\EventSourcing\EventSourcing.csproj", "{C0A1669D-2DB7-4FDC-9F78-44B51C73571F}"
EndProject
Project("{FAE04EC0-301F-11D3-BF4B-00C04F79EFBC}") = "EventSourcing.Core", "src\EventSourcing.Core\EventSourcing.Core.csproj", "{ED955DFF-F480-4120-96E9-55FB14A41A73}"
EndProject
Project("{2150E333-8FDC-42A3-9474-1A3956D46DE8}") = "src", "src", "{C8AB03FD-7C88-4040-BF2E-F7EAB9C37F98}"
EndProject
Project("{2150E333-8FDC-42A3-9474-1A3956D46DE8}") = "sample", "sample", "{452CFE8B-D036-496A-B3AD-C83F067EFFC4}"
EndProject
Project("{2150E333-8FDC-42A3-9474-1A3956D46DE8}") = "test", "test", "{9EB7FC44-D109-42EC-821F-058998D8CC27}"
EndProject
Project("{FAE04EC0-301F-11D3-BF4B-00C04F79EFBC}") = "FancyToDo.AppHost", "sample\FancyToDo.AppHost\FancyToDo.AppHost.csproj", "{67CCC891-E030-4217-897A-CABFD55C4FB0}"
EndProject
Project("{FAE04EC0-301F-11D3-BF4B-00C04F79EFBC}") = "FancyToDo.API", "sample\FancyToDo.API\FancyToDo.API.csproj", "{6108885F-F65A-41BA-AC77-660893A0EF1F}"
EndProject
Project("{FAE04EC0-301F-11D3-BF4B-00C04F79EFBC}") = "FancyToDo.Core", "sample\FancyToDo.Core\FancyToDo.Core.csproj", "{9760CE4C-843A-42CE-A8AB-C2ADF8C09726}"
EndProject
Project("{FAE04EC0-301F-11D3-BF4B-00C04F79EFBC}") = "FancyToDo.Functions", "sample\FancyToDo.Functions\FancyToDo.Functions.csproj", "{12EB8BD2-1216-44E5-96C6-7FD3008294AE}"
EndProject
Project("{FAE04EC0-301F-11D3-BF4B-00C04F79EFBC}") = "FancyToDo.Projections", "sample\FancyToDo.Projections\FancyToDo.Projections.csproj", "{0FD6AE8C-A993-4EA1-8060-28808B9871F1}"
EndProject
Project("{FAE04EC0-301F-11D3-BF4B-00C04F79EFBC}") = "EventSourcing.IntegrationTests", "test\EventSourcing.IntegrationTests\EventSourcing.IntegrationTests.csproj", "{3BE07AD8-DE71-4CDC-8AD4-1B53B12A18DB}"
EndProject
Project("{FAE04EC0-301F-11D3-BF4B-00C04F79EFBC}") = "EventSourcing.UnitTests", "test\EventSourcing.UnitTests\EventSourcing.UnitTests.csproj", "{B2721E91-3A00-4047-9224-A1B2510FE5AE}"
EndProject
Project("{FAE04EC0-301F-11D3-BF4B-00C04F79EFBC}") = "EventSourcing.FunctionalTests", "test\EventSourcing.FunctionalTests\EventSourcing.FunctionalTests.csproj", "{35500F32-ACD6-44D4-B266-7CCFBE139CF7}"
EndProject
Project("{FAE04EC0-301F-11D3-BF4B-00C04F79EFBC}") = "Testing", "test\Testing\Testing.csproj", "{C64C11F4-7006-46D1-A9EA-4FF267E09111}"
EndProject
Global
	GlobalSection(SolutionConfigurationPlatforms) = preSolution
		Debug|Any CPU = Debug|Any CPU
		Release|Any CPU = Release|Any CPU
	EndGlobalSection
	GlobalSection(ProjectConfigurationPlatforms) = postSolution
		{C0A1669D-2DB7-4FDC-9F78-44B51C73571F}.Debug|Any CPU.ActiveCfg = Debug|Any CPU
		{C0A1669D-2DB7-4FDC-9F78-44B51C73571F}.Debug|Any CPU.Build.0 = Debug|Any CPU
		{C0A1669D-2DB7-4FDC-9F78-44B51C73571F}.Release|Any CPU.ActiveCfg = Release|Any CPU
		{C0A1669D-2DB7-4FDC-9F78-44B51C73571F}.Release|Any CPU.Build.0 = Release|Any CPU
		{ED955DFF-F480-4120-96E9-55FB14A41A73}.Debug|Any CPU.ActiveCfg = Debug|Any CPU
		{ED955DFF-F480-4120-96E9-55FB14A41A73}.Debug|Any CPU.Build.0 = Debug|Any CPU
		{ED955DFF-F480-4120-96E9-55FB14A41A73}.Release|Any CPU.ActiveCfg = Release|Any CPU
		{ED955DFF-F480-4120-96E9-55FB14A41A73}.Release|Any CPU.Build.0 = Release|Any CPU
		{67CCC891-E030-4217-897A-CABFD55C4FB0}.Debug|Any CPU.ActiveCfg = Debug|Any CPU
		{67CCC891-E030-4217-897A-CABFD55C4FB0}.Debug|Any CPU.Build.0 = Debug|Any CPU
		{67CCC891-E030-4217-897A-CABFD55C4FB0}.Release|Any CPU.ActiveCfg = Release|Any CPU
		{67CCC891-E030-4217-897A-CABFD55C4FB0}.Release|Any CPU.Build.0 = Release|Any CPU
		{6108885F-F65A-41BA-AC77-660893A0EF1F}.Debug|Any CPU.ActiveCfg = Debug|Any CPU
		{6108885F-F65A-41BA-AC77-660893A0EF1F}.Debug|Any CPU.Build.0 = Debug|Any CPU
		{6108885F-F65A-41BA-AC77-660893A0EF1F}.Release|Any CPU.ActiveCfg = Release|Any CPU
		{6108885F-F65A-41BA-AC77-660893A0EF1F}.Release|Any CPU.Build.0 = Release|Any CPU
		{9760CE4C-843A-42CE-A8AB-C2ADF8C09726}.Debug|Any CPU.ActiveCfg = Debug|Any CPU
		{9760CE4C-843A-42CE-A8AB-C2ADF8C09726}.Debug|Any CPU.Build.0 = Debug|Any CPU
		{9760CE4C-843A-42CE-A8AB-C2ADF8C09726}.Release|Any CPU.ActiveCfg = Release|Any CPU
		{9760CE4C-843A-42CE-A8AB-C2ADF8C09726}.Release|Any CPU.Build.0 = Release|Any CPU
		{12EB8BD2-1216-44E5-96C6-7FD3008294AE}.Debug|Any CPU.ActiveCfg = Debug|Any CPU
		{12EB8BD2-1216-44E5-96C6-7FD3008294AE}.Debug|Any CPU.Build.0 = Debug|Any CPU
		{12EB8BD2-1216-44E5-96C6-7FD3008294AE}.Release|Any CPU.ActiveCfg = Release|Any CPU
		{12EB8BD2-1216-44E5-96C6-7FD3008294AE}.Release|Any CPU.Build.0 = Release|Any CPU
		{0FD6AE8C-A993-4EA1-8060-28808B9871F1}.Debug|Any CPU.ActiveCfg = Debug|Any CPU
		{0FD6AE8C-A993-4EA1-8060-28808B9871F1}.Debug|Any CPU.Build.0 = Debug|Any CPU
		{0FD6AE8C-A993-4EA1-8060-28808B9871F1}.Release|Any CPU.ActiveCfg = Release|Any CPU
		{0FD6AE8C-A993-4EA1-8060-28808B9871F1}.Release|Any CPU.Build.0 = Release|Any CPU
		{3BE07AD8-DE71-4CDC-8AD4-1B53B12A18DB}.Debug|Any CPU.ActiveCfg = Debug|Any CPU
		{3BE07AD8-DE71-4CDC-8AD4-1B53B12A18DB}.Debug|Any CPU.Build.0 = Debug|Any CPU
		{3BE07AD8-DE71-4CDC-8AD4-1B53B12A18DB}.Release|Any CPU.ActiveCfg = Release|Any CPU
		{3BE07AD8-DE71-4CDC-8AD4-1B53B12A18DB}.Release|Any CPU.Build.0 = Release|Any CPU
		{B2721E91-3A00-4047-9224-A1B2510FE5AE}.Debug|Any CPU.ActiveCfg = Debug|Any CPU
		{B2721E91-3A00-4047-9224-A1B2510FE5AE}.Debug|Any CPU.Build.0 = Debug|Any CPU
		{B2721E91-3A00-4047-9224-A1B2510FE5AE}.Release|Any CPU.ActiveCfg = Release|Any CPU
		{B2721E91-3A00-4047-9224-A1B2510FE5AE}.Release|Any CPU.Build.0 = Release|Any CPU
		{35500F32-ACD6-44D4-B266-7CCFBE139CF7}.Debug|Any CPU.ActiveCfg = Debug|Any CPU
		{35500F32-ACD6-44D4-B266-7CCFBE139CF7}.Debug|Any CPU.Build.0 = Debug|Any CPU
		{35500F32-ACD6-44D4-B266-7CCFBE139CF7}.Release|Any CPU.ActiveCfg = Release|Any CPU
		{35500F32-ACD6-44D4-B266-7CCFBE139CF7}.Release|Any CPU.Build.0 = Release|Any CPU
		{C64C11F4-7006-46D1-A9EA-4FF267E09111}.Debug|Any CPU.ActiveCfg = Debug|Any CPU
		{C64C11F4-7006-46D1-A9EA-4FF267E09111}.Debug|Any CPU.Build.0 = Debug|Any CPU
		{C64C11F4-7006-46D1-A9EA-4FF267E09111}.Release|Any CPU.ActiveCfg = Release|Any CPU
		{C64C11F4-7006-46D1-A9EA-4FF267E09111}.Release|Any CPU.Build.0 = Release|Any CPU
	EndGlobalSection
	GlobalSection(SolutionProperties) = preSolution
		HideSolutionNode = FALSE
	EndGlobalSection
	GlobalSection(NestedProjects) = preSolution
		{C0A1669D-2DB7-4FDC-9F78-44B51C73571F} = {C8AB03FD-7C88-4040-BF2E-F7EAB9C37F98}
		{ED955DFF-F480-4120-96E9-55FB14A41A73} = {C8AB03FD-7C88-4040-BF2E-F7EAB9C37F98}
		{67CCC891-E030-4217-897A-CABFD55C4FB0} = {452CFE8B-D036-496A-B3AD-C83F067EFFC4}
		{6108885F-F65A-41BA-AC77-660893A0EF1F} = {452CFE8B-D036-496A-B3AD-C83F067EFFC4}
		{9760CE4C-843A-42CE-A8AB-C2ADF8C09726} = {452CFE8B-D036-496A-B3AD-C83F067EFFC4}
		{12EB8BD2-1216-44E5-96C6-7FD3008294AE} = {452CFE8B-D036-496A-B3AD-C83F067EFFC4}
		{0FD6AE8C-A993-4EA1-8060-28808B9871F1} = {452CFE8B-D036-496A-B3AD-C83F067EFFC4}
		{3BE07AD8-DE71-4CDC-8AD4-1B53B12A18DB} = {9EB7FC44-D109-42EC-821F-058998D8CC27}
		{B2721E91-3A00-4047-9224-A1B2510FE5AE} = {9EB7FC44-D109-42EC-821F-058998D8CC27}
		{35500F32-ACD6-44D4-B266-7CCFBE139CF7} = {9EB7FC44-D109-42EC-821F-058998D8CC27}
		{C64C11F4-7006-46D1-A9EA-4FF267E09111} = {9EB7FC44-D109-42EC-821F-058998D8CC27}
	EndGlobalSection
EndGlobal
