
Microsoft Visual Studio Solution File, Format Version 12.00
# Visual Studio Version 17
VisualStudioVersion = 17.11.35312.102
MinimumVisualStudioVersion = 10.0.40219.1
Project("{9A19103F-16F7-4668-BE54-9A1E7A4F7556}") = "AppHost", "AppHost\AppHost.csproj", "{F20CF2FC-5D16-425D-8DB8-6AB878E8F8DA}"
EndProject
Project("{9A19103F-16F7-4668-BE54-9A1E7A4F7556}") = "FancyToDo.API", "FancyToDo.API\FancyToDo.API.csproj", "{D2FB33C3-5ED0-4A55-BEB2-5ECDE5B750EC}"
EndProject
Project("{9A19103F-16F7-4668-BE54-9A1E7A4F7556}") = "FancyToDo.Core", "FancyToDo.Core\FancyToDo.Core.csproj", "{F8314BEE-FB6F-4BED-BADF-5704C38F1704}"
EndProject
Project("{9A19103F-16F7-4668-BE54-9A1E7A4F7556}") = "FancyToDo.Infrastructure", "FancyToDo.Infrastructure\FancyToDo.Infrastructure.csproj", "{11CB6D4F-C2C9-4A5F-8640-32CB4F033EA6}"
EndProject
Project("{9A19103F-16F7-4668-BE54-9A1E7A4F7556}") = "SharedKernel.EventSourcing.Core", "SharedKernel.EventSourcing.Core\SharedKernel.EventSourcing.Core.csproj", "{DEBE92DB-FA58-45A3-9E06-780FD30C4DF7}"
EndProject
Project("{9A19103F-16F7-4668-BE54-9A1E7A4F7556}") = "FancyToDo.Functions", "FancyToDo.Functions\FancyToDo.Functions.csproj", "{79B369D1-73F4-4F69-AF22-86AFD4E0F150}"
EndProject
Project("{9A19103F-16F7-4668-BE54-9A1E7A4F7556}") = "FancyToDo.Projections", "FancyToDo.Projections\FancyToDo.Projections.csproj", "{7639498A-2BD8-486F-9CAD-46241ED88B83}"
EndProject
Project("{9A19103F-16F7-4668-BE54-9A1E7A4F7556}") = "FancyToDo.UnitTests", "FancyToDo.UnitTests\FancyToDo.UnitTests.csproj", "{CDA32ACE-D1F3-4993-916F-BF68E6F1E089}"
EndProject
Project("{FAE04EC0-301F-11D3-BF4B-00C04F79EFBC}") = "FancyToDo.IntegrationTests", "FancyToDo.IntegrationTests\FancyToDo.IntegrationTests.csproj", "{88DABA51-6BC6-4835-AEBA-7DC46555CEC6}"
EndProject
Project("{2150E333-8FDC-42A3-9474-1A3956D46DE8}") = "Shared", "Shared", "{A2AA4257-312C-4605-937F-BFE8219F9C02}"
EndProject
Project("{FAE04EC0-301F-11D3-BF4B-00C04F79EFBC}") = "SharedKernel.EventSourcing.EventStore", "SharedKernel.EventSourcing.EventStore\SharedKernel.EventSourcing.EventStore.csproj", "{CE71017F-0ECC-4689-A935-B19B9D20C4E8}"
EndProject
Global
	GlobalSection(SolutionConfigurationPlatforms) = preSolution
		Debug|Any CPU = Debug|Any CPU
		Release|Any CPU = Release|Any CPU
	EndGlobalSection
	GlobalSection(ProjectConfigurationPlatforms) = postSolution
		{F20CF2FC-5D16-425D-8DB8-6AB878E8F8DA}.Debug|Any CPU.ActiveCfg = Debug|Any CPU
		{F20CF2FC-5D16-425D-8DB8-6AB878E8F8DA}.Debug|Any CPU.Build.0 = Debug|Any CPU
		{F20CF2FC-5D16-425D-8DB8-6AB878E8F8DA}.Release|Any CPU.ActiveCfg = Release|Any CPU
		{F20CF2FC-5D16-425D-8DB8-6AB878E8F8DA}.Release|Any CPU.Build.0 = Release|Any CPU
		{D2FB33C3-5ED0-4A55-BEB2-5ECDE5B750EC}.Debug|Any CPU.ActiveCfg = Debug|Any CPU
		{D2FB33C3-5ED0-4A55-BEB2-5ECDE5B750EC}.Debug|Any CPU.Build.0 = Debug|Any CPU
		{D2FB33C3-5ED0-4A55-BEB2-5ECDE5B750EC}.Release|Any CPU.ActiveCfg = Release|Any CPU
		{D2FB33C3-5ED0-4A55-BEB2-5ECDE5B750EC}.Release|Any CPU.Build.0 = Release|Any CPU
		{F8314BEE-FB6F-4BED-BADF-5704C38F1704}.Debug|Any CPU.ActiveCfg = Debug|Any CPU
		{F8314BEE-FB6F-4BED-BADF-5704C38F1704}.Debug|Any CPU.Build.0 = Debug|Any CPU
		{F8314BEE-FB6F-4BED-BADF-5704C38F1704}.Release|Any CPU.ActiveCfg = Release|Any CPU
		{F8314BEE-FB6F-4BED-BADF-5704C38F1704}.Release|Any CPU.Build.0 = Release|Any CPU
		{11CB6D4F-C2C9-4A5F-8640-32CB4F033EA6}.Debug|Any CPU.ActiveCfg = Debug|Any CPU
		{11CB6D4F-C2C9-4A5F-8640-32CB4F033EA6}.Debug|Any CPU.Build.0 = Debug|Any CPU
		{11CB6D4F-C2C9-4A5F-8640-32CB4F033EA6}.Release|Any CPU.ActiveCfg = Release|Any CPU
		{11CB6D4F-C2C9-4A5F-8640-32CB4F033EA6}.Release|Any CPU.Build.0 = Release|Any CPU
		{DEBE92DB-FA58-45A3-9E06-780FD30C4DF7}.Debug|Any CPU.ActiveCfg = Debug|Any CPU
		{DEBE92DB-FA58-45A3-9E06-780FD30C4DF7}.Debug|Any CPU.Build.0 = Debug|Any CPU
		{DEBE92DB-FA58-45A3-9E06-780FD30C4DF7}.Release|Any CPU.ActiveCfg = Release|Any CPU
		{DEBE92DB-FA58-45A3-9E06-780FD30C4DF7}.Release|Any CPU.Build.0 = Release|Any CPU
		{79B369D1-73F4-4F69-AF22-86AFD4E0F150}.Debug|Any CPU.ActiveCfg = Debug|Any CPU
		{79B369D1-73F4-4F69-AF22-86AFD4E0F150}.Debug|Any CPU.Build.0 = Debug|Any CPU
		{79B369D1-73F4-4F69-AF22-86AFD4E0F150}.Release|Any CPU.ActiveCfg = Release|Any CPU
		{79B369D1-73F4-4F69-AF22-86AFD4E0F150}.Release|Any CPU.Build.0 = Release|Any CPU
		{7639498A-2BD8-486F-9CAD-46241ED88B83}.Debug|Any CPU.ActiveCfg = Debug|Any CPU
		{7639498A-2BD8-486F-9CAD-46241ED88B83}.Debug|Any CPU.Build.0 = Debug|Any CPU
		{7639498A-2BD8-486F-9CAD-46241ED88B83}.Release|Any CPU.ActiveCfg = Release|Any CPU
		{7639498A-2BD8-486F-9CAD-46241ED88B83}.Release|Any CPU.Build.0 = Release|Any CPU
		{CDA32ACE-D1F3-4993-916F-BF68E6F1E089}.Debug|Any CPU.ActiveCfg = Debug|Any CPU
		{CDA32ACE-D1F3-4993-916F-BF68E6F1E089}.Debug|Any CPU.Build.0 = Debug|Any CPU
		{CDA32ACE-D1F3-4993-916F-BF68E6F1E089}.Release|Any CPU.ActiveCfg = Release|Any CPU
		{CDA32ACE-D1F3-4993-916F-BF68E6F1E089}.Release|Any CPU.Build.0 = Release|Any CPU
		{88DABA51-6BC6-4835-AEBA-7DC46555CEC6}.Debug|Any CPU.ActiveCfg = Debug|Any CPU
		{88DABA51-6BC6-4835-AEBA-7DC46555CEC6}.Debug|Any CPU.Build.0 = Debug|Any CPU
		{88DABA51-6BC6-4835-AEBA-7DC46555CEC6}.Release|Any CPU.ActiveCfg = Release|Any CPU
		{88DABA51-6BC6-4835-AEBA-7DC46555CEC6}.Release|Any CPU.Build.0 = Release|Any CPU
		{CE71017F-0ECC-4689-A935-B19B9D20C4E8}.Debug|Any CPU.ActiveCfg = Debug|Any CPU
		{CE71017F-0ECC-4689-A935-B19B9D20C4E8}.Debug|Any CPU.Build.0 = Debug|Any CPU
		{CE71017F-0ECC-4689-A935-B19B9D20C4E8}.Release|Any CPU.ActiveCfg = Release|Any CPU
		{CE71017F-0ECC-4689-A935-B19B9D20C4E8}.Release|Any CPU.Build.0 = Release|Any CPU
	EndGlobalSection
	GlobalSection(SolutionProperties) = preSolution
		HideSolutionNode = FALSE
	EndGlobalSection
	GlobalSection(NestedProjects) = preSolution
		{DEBE92DB-FA58-45A3-9E06-780FD30C4DF7} = {A2AA4257-312C-4605-937F-BFE8219F9C02}
		{CE71017F-0ECC-4689-A935-B19B9D20C4E8} = {A2AA4257-312C-4605-937F-BFE8219F9C02}
	EndGlobalSection
EndGlobal
